<?xml version="1.0" encoding="utf-8"?>
<Project ToolsVersion="4.0" xmlns="http://schemas.microsoft.com/developer/msbuild/2003">
  <ItemGroup>
    <Filter Include="Source Files">
      <UniqueIdentifier>{4FC737F1-C7A5-4376-A066-2A32D752A2FF}</UniqueIdentifier>
      <Extensions>cpp;c;cc;cxx;def;odl;idl;hpj;bat;asm;asmx</Extensions>
    </Filter>
    <Filter Include="Header Files">
      <UniqueIdentifier>{93995380-89BD-4b04-88EB-625FBE52EBFB}</UniqueIdentifier>
      <Extensions>h;hpp;hxx;hm;inl;inc;xsd</Extensions>
    </Filter>
    <Filter Include="Resource Files">
      <UniqueIdentifier>{67DA6AB6-F800-4c08-8B7A-83BB121AAD01}</UniqueIdentifier>
      <Extensions>rc;ico;cur;bmp;dlg;rc2;rct;bin;rgs;gif;jpg;jpeg;jpe;resx;tiff;tif;png;wav</Extensions>
    </Filter>
    <Filter Include="Header Files\Renderer">
      <UniqueIdentifier>{a76ee3be-5cb8-41d3-a59a-e9011d86e521}</UniqueIdentifier>
    </Filter>
    <Filter Include="Header Files\Utils">
      <UniqueIdentifier>{5c412aa7-8e62-403e-a496-73f8288b2bbc}</UniqueIdentifier>
    </Filter>
    <Filter Include="Source Files\Renderer">
      <UniqueIdentifier>{e4f2e96b-7f2c-430c-b82b-f5cd64e5ca57}</UniqueIdentifier>
    </Filter>
    <Filter Include="Header Files\Renderer\shaders">
      <UniqueIdentifier>{eee33e17-bf58-474e-99f4-963424b2bc71}</UniqueIdentifier>
    </Filter>
    <Filter Include="Header Files\Renderer\ShadersApi">
      <UniqueIdentifier>{06348e9b-2925-4493-ade6-99f5aa91526c}</UniqueIdentifier>
    </Filter>
    <Filter Include="Header Files\Renderer\VboApi">
      <UniqueIdentifier>{6f638e70-9594-4157-9616-e3914e1ff72d}</UniqueIdentifier>
    </Filter>
    <Filter Include="Header Files\Misc">
      <UniqueIdentifier>{1a121afe-844e-489b-90cb-02f2ec66e1bf}</UniqueIdentifier>
    </Filter>
    <Filter Include="Source Files\Utils">
      <UniqueIdentifier>{663c85f0-b905-44aa-ae89-2edd5de4335f}</UniqueIdentifier>
    </Filter>
    <Filter Include="Source Files\Renderer\VboApi">
      <UniqueIdentifier>{c42037f3-f48a-449e-9804-1963486aefb2}</UniqueIdentifier>
    </Filter>
    <Filter Include="Source Files\Renderer\ShadersApi">
      <UniqueIdentifier>{f3ca965f-1c42-4c8a-abae-a9e2c740547f}</UniqueIdentifier>
    </Filter>
    <Filter Include="Source Files\Misc">
      <UniqueIdentifier>{5052e1e4-674d-451a-b4f6-eb97b32d38d7}</UniqueIdentifier>
    </Filter>
    <Filter Include="Header Files\PhysicalEngine">
      <UniqueIdentifier>{65c8499e-48f0-4443-a347-bdbd8d4af8d3}</UniqueIdentifier>
    </Filter>
    <Filter Include="Source Files\PhysicalEngine">
      <UniqueIdentifier>{d07c135b-4345-4c22-9102-c55442253148}</UniqueIdentifier>
    </Filter>
    <Filter Include="Source Files\PhysicalEngine\Grid">
      <UniqueIdentifier>{54b09fa8-b329-4043-854e-170221e8de93}</UniqueIdentifier>
    </Filter>
    <Filter Include="Header Files\PhysicalEngine\Grid">
      <UniqueIdentifier>{2f6bb3c1-e512-4779-be35-0307bfe2bd9e}</UniqueIdentifier>
    </Filter>
    <Filter Include="Header Files\GameEngine">
      <UniqueIdentifier>{1c421459-77be-4311-ae0d-4c65f61e6e87}</UniqueIdentifier>
    </Filter>
    <Filter Include="Header Files\GameEngine\GameObjects">
      <UniqueIdentifier>{0b3b77b8-bf0d-43cb-af3b-801385af6510}</UniqueIdentifier>
    </Filter>
    <Filter Include="Header Files\GameEngine\GameState">
      <UniqueIdentifier>{6ad66f67-5f9c-4b31-8213-bd700b9924ca}</UniqueIdentifier>
    </Filter>
    <Filter Include="Source Files\GameEngine">
      <UniqueIdentifier>{4bbbde64-e9f7-4fbf-91ff-16acf4f394d2}</UniqueIdentifier>
    </Filter>
    <Filter Include="Source Files\GameEngine\GameObjects">
      <UniqueIdentifier>{26dd9b0f-ef6c-4c12-a546-d963b7e3af22}</UniqueIdentifier>
    </Filter>
    <Filter Include="Source Files\GameEngine\GameState">
      <UniqueIdentifier>{f23ab17d-6afe-43d4-b7ff-db016764fa8e}</UniqueIdentifier>
    </Filter>
    <Filter Include="TinyXml">
      <UniqueIdentifier>{efbb46f6-06ce-402e-9cf2-23d4e761fa37}</UniqueIdentifier>
    </Filter>
    <Filter Include="Source Files\GameEngine\Level">
      <UniqueIdentifier>{c167022d-1b0b-42ff-bd2a-8350d564069f}</UniqueIdentifier>
    </Filter>
    <Filter Include="Header Files\GameEngine\Level">
      <UniqueIdentifier>{629d0708-2a0e-4442-b9bc-64a63405677a}</UniqueIdentifier>
    </Filter>
    <Filter Include="Header Files\SoundEngine">
      <UniqueIdentifier>{3e8edb8d-e56c-4721-8922-ffc683ef746f}</UniqueIdentifier>
    </Filter>
    <Filter Include="Source Files\SoundEngine">
      <UniqueIdentifier>{f6bdbc48-2905-4f1c-bd79-83f391c7e075}</UniqueIdentifier>
    </Filter>
  </ItemGroup>
  <ItemGroup>
    <ClCompile Include="ShadersApi\ShadersInc.cpp">
      <Filter>Header Files\Renderer\ShadersApi</Filter>
    </ClCompile>
    <ClCompile Include="Main.cpp">
      <Filter>Source Files</Filter>
    </ClCompile>
    <ClCompile Include="OBJLoader.cpp">
      <Filter>Source Files\Utils</Filter>
    </ClCompile>
    <ClCompile Include="TGALoader.cpp">
      <Filter>Source Files\Utils</Filter>
    </ClCompile>
    <ClCompile Include="Renderer.cpp">
      <Filter>Source Files\Renderer</Filter>
    </ClCompile>
    <ClCompile Include="ShadersApi\Program.cpp">
      <Filter>Source Files\Renderer\ShadersApi</Filter>
    </ClCompile>
    <ClCompile Include="ShadersApi\Shader.cpp">
      <Filter>Source Files\Renderer\ShadersApi</Filter>
    </ClCompile>
    <ClCompile Include="VBO.cpp">
      <Filter>Source Files\Renderer\VboApi</Filter>
    </ClCompile>
    <ClCompile Include="stdafx.cpp">
      <Filter>Source Files\Misc</Filter>
    </ClCompile>
    <ClCompile Include="MyEngine.cpp">
      <Filter>Source Files</Filter>
    </ClCompile>
    <ClCompile Include="GameState.cpp">
      <Filter>Source Files\GameEngine\GameState</Filter>
    </ClCompile>
    <ClCompile Include="InGameState.cpp">
      <Filter>Source Files\GameEngine\GameState</Filter>
    </ClCompile>
    <ClCompile Include="PhysicalEngine.cpp">
      <Filter>Source Files\PhysicalEngine</Filter>
    </ClCompile>
    <ClCompile Include="PhysicalComponent.cpp">
      <Filter>Source Files\PhysicalEngine</Filter>
    </ClCompile>
    <ClCompile Include="Light.cpp">
      <Filter>Source Files\Renderer</Filter>
    </ClCompile>
    <ClCompile Include="Material.cpp">
      <Filter>Source Files\Renderer</Filter>
    </ClCompile>
    <ClCompile Include="RenderableComponent.cpp">
      <Filter>Source Files\Renderer</Filter>
    </ClCompile>
    <ClCompile Include="GameObject.cpp">
      <Filter>Source Files\GameEngine\GameObjects</Filter>
    </ClCompile>
    <ClCompile Include="Hero.cpp">
      <Filter>Source Files\GameEngine\GameObjects</Filter>
    </ClCompile>
    <ClCompile Include="HeroPhysicalComponent.cpp">
      <Filter>Source Files\PhysicalEngine</Filter>
    </ClCompile>
    <ClCompile Include="Cursor.cpp">
      <Filter>Source Files\GameEngine\GameObjects</Filter>
    </ClCompile>
    <ClCompile Include="SelfMovingPhysicalComponent.cpp">
      <Filter>Source Files\PhysicalEngine</Filter>
    </ClCompile>
    <ClCompile Include="Grid.cpp">
      <Filter>Source Files\PhysicalEngine\Grid</Filter>
    </ClCompile>
    <ClCompile Include="UpdaterThread.cpp">
      <Filter>Source Files\PhysicalEngine\Grid</Filter>
    </ClCompile>
    <ClCompile Include="Thread.cpp">
      <Filter>Source Files\Utils</Filter>
    </ClCompile>
    <ClCompile Include="GameEngine.cpp">
      <Filter>Source Files\GameEngine</Filter>
    </ClCompile>
    <ClCompile Include="Cell.cpp">
      <Filter>Source Files\GameEngine\GameObjects</Filter>
    </ClCompile>
    <ClCompile Include="CellPhysicalComponent.cpp">
      <Filter>Source Files\PhysicalEngine</Filter>
    </ClCompile>
    <ClCompile Include="CellRenderableComponent.cpp">
      <Filter>Source Files\Renderer</Filter>
    </ClCompile>
    <ClCompile Include="ReplicableGameObject.cpp">
      <Filter>Source Files\GameEngine\GameObjects</Filter>
    </ClCompile>
    <ClCompile Include="Timer.cpp">
      <Filter>Source Files\Utils</Filter>
    </ClCompile>
    <ClCompile Include="Projectile.cpp">
      <Filter>Source Files\GameEngine\GameObjects</Filter>
    </ClCompile>
    <ClCompile Include="Enemy.cpp">
      <Filter>Source Files\GameEngine\GameObjects</Filter>
    </ClCompile>
    <ClCompile Include="ProjectilePhysicalComponent.cpp">
      <Filter>Source Files\PhysicalEngine</Filter>
    </ClCompile>
    <ClCompile Include="TinyXml\tinystr.cpp">
      <Filter>TinyXml</Filter>
    </ClCompile>
    <ClCompile Include="TinyXml\tinyxml.cpp">
      <Filter>TinyXml</Filter>
    </ClCompile>
    <ClCompile Include="TinyXml\tinyxmlerror.cpp">
      <Filter>TinyXml</Filter>
    </ClCompile>
    <ClCompile Include="TinyXml\tinyxmlparser.cpp">
      <Filter>TinyXml</Filter>
    </ClCompile>
    <ClCompile Include="Level.cpp">
      <Filter>Source Files\GameEngine\Level</Filter>
    </ClCompile>
    <ClCompile Include="SpawnPool.cpp">
      <Filter>Source Files\GameEngine\Level</Filter>
    </ClCompile>
    <ClCompile Include="LightingGameObject.cpp">
      <Filter>Source Files\GameEngine\GameObjects</Filter>
    </ClCompile>
    <ClCompile Include="Bacteria.cpp">
      <Filter>Source Files\GameEngine\GameObjects</Filter>
    </ClCompile>
    <ClCompile Include="SpawnLine.cpp">
      <Filter>Source Files\GameEngine\Level</Filter>
    </ClCompile>
    <ClCompile Include="MainMenuState.cpp">
      <Filter>Source Files\GameEngine\GameState</Filter>
    </ClCompile>
    <ClCompile Include="MainMenuState.cpp">
      <Filter>Source Files\GameEngine\GameState</Filter>
    </ClCompile>
    <ClCompile Include="Particle.cpp">
      <Filter>Source Files\Renderer</Filter>
    </ClCompile>
    <ClCompile Include="ParticleSystem.cpp">
      <Filter>Source Files\GameEngine\GameObjects</Filter>
    </ClCompile>
    <ClCompile Include="ExplosionParticle.cpp">
      <Filter>Source Files\GameEngine\GameObjects</Filter>
    </ClCompile>
    <ClCompile Include="Explosion.cpp">
      <Filter>Source Files\GameEngine\GameObjects</Filter>
    </ClCompile>
    <ClCompile Include="BriefingState.cpp">
      <Filter>Source Files\GameEngine\GameState</Filter>
    </ClCompile>
    <ClCompile Include="SoundEngine.cpp">
      <Filter>Source Files\SoundEngine</Filter>
    </ClCompile>
    <ClCompile Include="SoundSource.cpp">
      <Filter>Source Files\SoundEngine</Filter>
    </ClCompile>
    <ClCompile Include="Cancer.cpp">
      <Filter>Source Files</Filter>
    </ClCompile>
    <ClCompile Include="Lymphocyte.cpp">
      <Filter>Source Files</Filter>
    </ClCompile>
    <ClCompile Include="Monocyte.cpp">
      <Filter>Source Files</Filter>
    </ClCompile>
    <ClCompile Include="Neutrophile.cpp">
      <Filter>Source Files</Filter>
    </ClCompile>
    <ClCompile Include="Virus.cpp">
      <Filter>Source Files</Filter>
    </ClCompile>
    <ClCompile Include="HomingPhysicalComponent.cpp">
      <Filter>Source Files\PhysicalEngine</Filter>
    </ClCompile>
  </ItemGroup>
  <ItemGroup>
    <ClInclude Include="3DEngine.h">
      <Filter>Header Files</Filter>
    </ClInclude>
    <ClInclude Include="ShadersApi\Program.h">
      <Filter>Header Files\Renderer\ShadersApi</Filter>
    </ClInclude>
    <ClInclude Include="ShadersApi\ShadersInc.h">
      <Filter>Header Files\Renderer\ShadersApi</Filter>
    </ClInclude>
    <ClInclude Include="ShadersApi\ShaderException.h">
      <Filter>Header Files\Renderer\ShadersApi</Filter>
    </ClInclude>
    <ClInclude Include="Renderer.h">
      <Filter>Header Files\Renderer</Filter>
    </ClInclude>
    <ClInclude Include="Matrx44.h">
      <Filter>Header Files\Utils</Filter>
    </ClInclude>
    <ClInclude Include="Vect4.h">
      <Filter>Header Files\Utils</Filter>
    </ClInclude>
    <ClInclude Include="Main.h">
      <Filter>Header Files</Filter>
    </ClInclude>
    <ClInclude Include="VBO.h">
      <Filter>Header Files\Renderer\VboApi</Filter>
    </ClInclude>
    <ClInclude Include="gl\wglext.h">
      <Filter>Header Files\Misc</Filter>
    </ClInclude>
    <ClInclude Include="stdafx.h">
      <Filter>Header Files\Misc</Filter>
    </ClInclude>
    <ClInclude Include="gl\GLExt.h">
      <Filter>Header Files\Misc</Filter>
    </ClInclude>
    <ClInclude Include="resource.h">
      <Filter>Header Files\Misc</Filter>
    </ClInclude>
    <ClInclude Include="TGALoader.h">
      <Filter>Header Files\Utils</Filter>
    </ClInclude>
    <ClInclude Include="OBJLoader.h">
      <Filter>Header Files\Utils</Filter>
    </ClInclude>
    <ClInclude Include="ShadersApi\Shader.h">
      <Filter>Header Files\Renderer\ShadersApi</Filter>
    </ClInclude>
    <ClInclude Include="MyEngine.h">
      <Filter>Header Files</Filter>
    </ClInclude>
    <ClInclude Include="GameState.h">
      <Filter>Header Files\GameEngine\GameState</Filter>
    </ClInclude>
    <ClInclude Include="InGameState.h">
      <Filter>Header Files\GameEngine\GameState</Filter>
    </ClInclude>
    <ClInclude Include="PhysicalEngine.h">
      <Filter>Header Files\PhysicalEngine</Filter>
    </ClInclude>
    <ClInclude Include="PhysicalComponent.h">
      <Filter>Header Files\PhysicalEngine</Filter>
    </ClInclude>
    <ClInclude Include="Light.h">
      <Filter>Header Files\Renderer</Filter>
    </ClInclude>
    <ClInclude Include="Material.h">
      <Filter>Header Files\Renderer</Filter>
    </ClInclude>
    <ClInclude Include="RenderableComponent.h">
      <Filter>Header Files\Renderer</Filter>
    </ClInclude>
    <ClInclude Include="GameObject.h">
      <Filter>Header Files\GameEngine\GameObjects</Filter>
    </ClInclude>
    <ClInclude Include="Hero.h">
      <Filter>Header Files\GameEngine\GameObjects</Filter>
    </ClInclude>
    <ClInclude Include="HeroPhysicalComponent.h">
      <Filter>Header Files\PhysicalEngine</Filter>
    </ClInclude>
    <ClInclude Include="Cursor.h">
      <Filter>Header Files\GameEngine\GameObjects</Filter>
    </ClInclude>
    <ClInclude Include="Force.h">
      <Filter>Header Files\Utils</Filter>
    </ClInclude>
    <ClInclude Include="SelfMovingPhysicalComponent.h">
      <Filter>Header Files\PhysicalEngine</Filter>
    </ClInclude>
    <ClInclude Include="Thread.h">
      <Filter>Header Files\Utils</Filter>
    </ClInclude>
    <ClInclude Include="Grid.h">
      <Filter>Header Files\PhysicalEngine\Grid</Filter>
    </ClInclude>
    <ClInclude Include="UpdaterThread.h">
      <Filter>Header Files\PhysicalEngine\Grid</Filter>
    </ClInclude>
    <ClInclude Include="GameEngine.h">
      <Filter>Header Files\GameEngine</Filter>
    </ClInclude>
    <ClInclude Include="Cell.h">
      <Filter>Header Files\GameEngine\GameObjects</Filter>
    </ClInclude>
    <ClInclude Include="CellPhysicalComponent.h">
      <Filter>Header Files\PhysicalEngine</Filter>
    </ClInclude>
    <ClInclude Include="CellRenderableComponent.h">
      <Filter>Header Files\Renderer</Filter>
    </ClInclude>
    <ClInclude Include="ReplicableGameObject.h">
      <Filter>Header Files\GameEngine\GameObjects</Filter>
    </ClInclude>
    <ClInclude Include="Timer.h">
      <Filter>Header Files\Utils</Filter>
    </ClInclude>
    <ClInclude Include="Indexer.h">
      <Filter>Header Files\Utils</Filter>
    </ClInclude>
    <ClInclude Include="Projectile.h">
      <Filter>Header Files\GameEngine\GameObjects</Filter>
    </ClInclude>
    <ClInclude Include="Enemy.h">
      <Filter>Header Files\GameEngine\GameObjects</Filter>
    </ClInclude>
    <ClInclude Include="ProjectilePhysicalComponent.h">
      <Filter>Header Files\PhysicalEngine</Filter>
    </ClInclude>
    <ClInclude Include="TinyXml\tinystr.h">
      <Filter>TinyXml</Filter>
    </ClInclude>
    <ClInclude Include="TinyXml\tinyxml.h">
      <Filter>TinyXml</Filter>
    </ClInclude>
    <ClInclude Include="Level.h">
      <Filter>Header Files\GameEngine\Level</Filter>
    </ClInclude>
    <ClInclude Include="SpawnPool.h">
      <Filter>Header Files\GameEngine\Level</Filter>
    </ClInclude>
    <ClInclude Include="Bacteria.h">
      <Filter>Header Files\GameEngine\GameObjects</Filter>
    </ClInclude>
    <ClInclude Include="LightingGameObject.h">
      <Filter>Header Files\GameEngine\GameObjects</Filter>
    </ClInclude>
    <ClInclude Include="SpawnLine.h">
      <Filter>Header Files\GameEngine\Level</Filter>
    </ClInclude>
    <ClInclude Include="MainMenuState.h">
      <Filter>Header Files\GameEngine\GameState</Filter>
    </ClInclude>
    <ClInclude Include="MainMenuState.h">
      <Filter>Header Files\GameEngine\GameState</Filter>
    </ClInclude>
    <ClInclude Include="ParticleSystem.h">
      <Filter>Header Files\GameEngine\GameObjects</Filter>
    </ClInclude>
    <ClInclude Include="ExplosionParticle.h">
      <Filter>Header Files\GameEngine\GameObjects</Filter>
    </ClInclude>
    <ClInclude Include="Explosion.h">
      <Filter>Header Files\GameEngine\GameObjects</Filter>
    </ClInclude>
    <ClInclude Include="Particle.h">
      <Filter>Header Files\GameEngine\GameObjects</Filter>
    </ClInclude>
    <ClInclude Include="BriefingState.h">
      <Filter>Header Files\GameEngine\GameState</Filter>
    </ClInclude>
    <ClInclude Include="SoundEngine.h">
      <Filter>Header Files\SoundEngine</Filter>
    </ClInclude>
    <ClInclude Include="SoundSource.h">
      <Filter>Header Files\SoundEngine</Filter>
    </ClInclude>
    <ClInclude Include="Cancer.h">
      <Filter>Header Files</Filter>
    </ClInclude>
    <ClInclude Include="Lymphocyte.h">
      <Filter>Header Files</Filter>
    </ClInclude>
    <ClInclude Include="Monocyte.h">
      <Filter>Header Files</Filter>
    </ClInclude>
    <ClInclude Include="Neutrophile.h">
      <Filter>Header Files</Filter>
    </ClInclude>
    <ClInclude Include="Virus.h">
      <Filter>Header Files</Filter>
    </ClInclude>
    <ClInclude Include="HomingPhysicalComponent.h">
      <Filter>Header Files\PhysicalEngine</Filter>
    </ClInclude>
  </ItemGroup>
  <ItemGroup>
    <Image Include="OBJReader.ico">
      <Filter>Resource Files</Filter>
    </Image>
    <Image Include="small.ico">
      <Filter>Resource Files</Filter>
    </Image>
  </ItemGroup>
  <ItemGroup>
    <ResourceCompile Include="OBJReader.rc">
      <Filter>Resource Files</Filter>
    </ResourceCompile>
  </ItemGroup>
  <ItemGroup>
    <Xml Include="Levels\Level1.xml">
      <Filter>Resource Files</Filter>
    </Xml>
  </ItemGroup>
  <ItemGroup>
    <None Include="shaders\depthWritef.glsl">
      <Filter>Header Files\Renderer\shaders</Filter>
    </None>
    <None Include="shaders\tp1f.glsl">
      <Filter>Header Files\Renderer\shaders</Filter>
    </None>
    <None Include="shaders\tp1v.glsl">
      <Filter>Header Files\Renderer\shaders</Filter>
    </None>
  </ItemGroup>
</Project>